
Microsoft Visual Studio Solution File, Format Version 12.00
# Visual Studio 15
VisualStudioVersion = 15.0.27428.2015
MinimumVisualStudioVersion = 10.0.40219.1
Project("{9A19103F-16F7-4668-BE54-9A1E7A4F7556}") = "MusicPortal.Web", "MusicPortal.Web\MusicPortal.Web.csproj", "{0FC9B104-9D70-4094-B022-6E36A5F3D8E5}"
EndProject
Project("{9A19103F-16F7-4668-BE54-9A1E7A4F7556}") = "MusicPortal.DAL", "MusicPortal.DAL\MusicPortal.DAL.csproj", "{25E5B6A2-D430-46C2-8592-5581D8A62E73}"
EndProject
Project("{9A19103F-16F7-4668-BE54-9A1E7A4F7556}") = "MusicPortal.BLL", "MusicPortal.BLL\MusicPortal.BLL.csproj", "{7B180AD5-D885-4EDF-9048-60AEA527B1B7}"
EndProject
Project("{9A19103F-16F7-4668-BE54-9A1E7A4F7556}") = "MusicPortal.BLL.UnitTests", "MusicPortal.BLL.UnitTests\MusicPortal.BLL.UnitTests.csproj", "{22E41109-A2CE-4EC5-984B-BF2850FB2159}"
EndProject
Project("{2150E333-8FDC-42A3-9474-1A3956D46DE8}") = "WebForms", "WebForms", "{641F8E5E-687C-448F-81F4-361A415F9404}"
EndProject
Project("{FAE04EC0-301F-11D3-BF4B-00C04F79EFBC}") = "MusicPortal.WebForms", "MusicPortal.WebForms\MusicPortal.WebForms.csproj", "{76F12825-F370-4C24-9ACA-40B56430C003}"
EndProject
Project("{9A19103F-16F7-4668-BE54-9A1E7A4F7556}") = "MusicPortal.Facade", "MusicPortal.Facade\MusicPortal.Facade.csproj", "{BF2C2EBA-3165-4B99-A0C5-D93D218B0334}"
EndProject
Project("{2150E333-8FDC-42A3-9474-1A3956D46DE8}") = "Tests", "Tests", "{C7D9B5F6-113B-488C-8C31-61B9EED87ADF}"
EndProject
Project("{9A19103F-16F7-4668-BE54-9A1E7A4F7556}") = "MusicPortal.ViewModels", "MusicPortal.ViewModels\MusicPortal.ViewModels.csproj", "{017C8301-3665-415E-B675-63D5B9A694CE}"
EndProject
Project("{2150E333-8FDC-42A3-9474-1A3956D46DE8}") = "Domain", "Domain", "{0F8EC9EC-A4D7-40A2-BA43-88E5DF830C91}"
EndProject
Project("{2150E333-8FDC-42A3-9474-1A3956D46DE8}") = "Logic", "Logic", "{F353E12D-C5C6-4C06-9B5A-18C6DF196A5D}"
EndProject
Project("{2150E333-8FDC-42A3-9474-1A3956D46DE8}") = "Presentation", "Presentation", "{754FCDFF-6B35-4FB0-A9F9-F7351AD83824}"
EndProject
Global
	GlobalSection(SolutionConfigurationPlatforms) = preSolution
		Debug|Any CPU = Debug|Any CPU
		Release|Any CPU = Release|Any CPU
	EndGlobalSection
	GlobalSection(ProjectConfigurationPlatforms) = postSolution
		{0FC9B104-9D70-4094-B022-6E36A5F3D8E5}.Debug|Any CPU.ActiveCfg = Debug|Any CPU
		{0FC9B104-9D70-4094-B022-6E36A5F3D8E5}.Debug|Any CPU.Build.0 = Debug|Any CPU
		{0FC9B104-9D70-4094-B022-6E36A5F3D8E5}.Release|Any CPU.ActiveCfg = Release|Any CPU
		{0FC9B104-9D70-4094-B022-6E36A5F3D8E5}.Release|Any CPU.Build.0 = Release|Any CPU
		{25E5B6A2-D430-46C2-8592-5581D8A62E73}.Debug|Any CPU.ActiveCfg = Debug|Any CPU
		{25E5B6A2-D430-46C2-8592-5581D8A62E73}.Debug|Any CPU.Build.0 = Debug|Any CPU
		{25E5B6A2-D430-46C2-8592-5581D8A62E73}.Release|Any CPU.ActiveCfg = Release|Any CPU
		{25E5B6A2-D430-46C2-8592-5581D8A62E73}.Release|Any CPU.Build.0 = Release|Any CPU
		{7B180AD5-D885-4EDF-9048-60AEA527B1B7}.Debug|Any CPU.ActiveCfg = Debug|Any CPU
		{7B180AD5-D885-4EDF-9048-60AEA527B1B7}.Debug|Any CPU.Build.0 = Debug|Any CPU
		{7B180AD5-D885-4EDF-9048-60AEA527B1B7}.Release|Any CPU.ActiveCfg = Release|Any CPU
		{7B180AD5-D885-4EDF-9048-60AEA527B1B7}.Release|Any CPU.Build.0 = Release|Any CPU
		{22E41109-A2CE-4EC5-984B-BF2850FB2159}.Debug|Any CPU.ActiveCfg = Debug|Any CPU
		{22E41109-A2CE-4EC5-984B-BF2850FB2159}.Debug|Any CPU.Build.0 = Debug|Any CPU
		{22E41109-A2CE-4EC5-984B-BF2850FB2159}.Release|Any CPU.ActiveCfg = Release|Any CPU
		{22E41109-A2CE-4EC5-984B-BF2850FB2159}.Release|Any CPU.Build.0 = Release|Any CPU
		{76F12825-F370-4C24-9ACA-40B56430C003}.Debug|Any CPU.ActiveCfg = Debug|Any CPU
		{76F12825-F370-4C24-9ACA-40B56430C003}.Debug|Any CPU.Build.0 = Debug|Any CPU
		{76F12825-F370-4C24-9ACA-40B56430C003}.Release|Any CPU.ActiveCfg = Release|Any CPU
		{76F12825-F370-4C24-9ACA-40B56430C003}.Release|Any CPU.Build.0 = Release|Any CPU
		{BF2C2EBA-3165-4B99-A0C5-D93D218B0334}.Debug|Any CPU.ActiveCfg = Debug|Any CPU
		{BF2C2EBA-3165-4B99-A0C5-D93D218B0334}.Debug|Any CPU.Build.0 = Debug|Any CPU
		{BF2C2EBA-3165-4B99-A0C5-D93D218B0334}.Release|Any CPU.ActiveCfg = Release|Any CPU
		{BF2C2EBA-3165-4B99-A0C5-D93D218B0334}.Release|Any CPU.Build.0 = Release|Any CPU
		{017C8301-3665-415E-B675-63D5B9A694CE}.Debug|Any CPU.ActiveCfg = Debug|Any CPU
		{017C8301-3665-415E-B675-63D5B9A694CE}.Debug|Any CPU.Build.0 = Debug|Any CPU
		{017C8301-3665-415E-B675-63D5B9A694CE}.Release|Any CPU.ActiveCfg = Release|Any CPU
		{017C8301-3665-415E-B675-63D5B9A694CE}.Release|Any CPU.Build.0 = Release|Any CPU
	EndGlobalSection
	GlobalSection(SolutionProperties) = preSolution
		HideSolutionNode = FALSE
	EndGlobalSection
	GlobalSection(NestedProjects) = preSolution
		{0FC9B104-9D70-4094-B022-6E36A5F3D8E5} = {754FCDFF-6B35-4FB0-A9F9-F7351AD83824}
		{25E5B6A2-D430-46C2-8592-5581D8A62E73} = {0F8EC9EC-A4D7-40A2-BA43-88E5DF830C91}
		{7B180AD5-D885-4EDF-9048-60AEA527B1B7} = {F353E12D-C5C6-4C06-9B5A-18C6DF196A5D}
		{22E41109-A2CE-4EC5-984B-BF2850FB2159} = {C7D9B5F6-113B-488C-8C31-61B9EED87ADF}
		{641F8E5E-687C-448F-81F4-361A415F9404} = {754FCDFF-6B35-4FB0-A9F9-F7351AD83824}
		{76F12825-F370-4C24-9ACA-40B56430C003} = {641F8E5E-687C-448F-81F4-361A415F9404}
		{BF2C2EBA-3165-4B99-A0C5-D93D218B0334} = {F353E12D-C5C6-4C06-9B5A-18C6DF196A5D}
		{017C8301-3665-415E-B675-63D5B9A694CE} = {754FCDFF-6B35-4FB0-A9F9-F7351AD83824}
	EndGlobalSection
	GlobalSection(ExtensibilityGlobals) = postSolution
		SolutionGuid = {D496BACC-098C-4C5F-A3DA-5A5D3D893FB7}
	EndGlobalSection
EndGlobal
